
Microsoft Visual Studio Solution File, Format Version 12.00
# Visual Studio Version 17
VisualStudioVersion = 17.6.33801.468
MinimumVisualStudioVersion = 10.0.40219.1
Project("{9A19103F-16F7-4668-BE54-9A1E7A4F7556}") = "SpamBotRemaster", "SpamBotRemaster\SpamBotRemaster.csproj", "{C1C03EB3-303E-4FBE-9528-EA3A93DF2488}"
EndProject
Global
	GlobalSection(SolutionConfigurationPlatforms) = preSolution
		Debug|Any CPU = Debug|Any CPU
		Release|Any CPU = Release|Any CPU
	EndGlobalSection
	GlobalSection(ProjectConfigurationPlatforms) = postSolution
		{C1C03EB3-303E-4FBE-9528-EA3A93DF2488}.Debug|Any CPU.ActiveCfg = Debug|Any CPU
		{C1C03EB3-303E-4FBE-9528-EA3A93DF2488}.Debug|Any CPU.Build.0 = Debug|Any CPU
		{C1C03EB3-303E-4FBE-9528-EA3A93DF2488}.Release|Any CPU.ActiveCfg = Release|Any CPU
		{C1C03EB3-303E-4FBE-9528-EA3A93DF2488}.Release|Any CPU.Build.0 = Release|Any CPU
	EndGlobalSection
	GlobalSection(SolutionProperties) = preSolution
		HideSolutionNode = FALSE
	EndGlobalSection
	GlobalSection(ExtensibilityGlobals) = postSolution
		SolutionGuid = {9A25B818-DF9A-441E-9134-D106C5E0B7EE}
	EndGlobalSection
EndGlobal
